# This file is automatically @generated by Cargo.
# It is not intended for manual editing.
version = 4

[[package]]
name = "servitor-api"
version = "0.1.0"

[[package]]
name = "servitor-ledger"
version = "0.1.0"

[[package]]
name = "servitor-proto"
version = "0.1.0"

[[package]]
name = "servitor-worker"
version = "0.1.0"
